# THIS IS AN AUTOGENERATED FILE. DO NOT EDIT THIS FILE DIRECTLY.
# yarn lockfile v1


"@ffmpeg/core@^0.6.0":
  version "0.6.0"
  resolved "https://registry.yarnpkg.com/@ffmpeg/core/-/core-0.6.0.tgz#637db2dd957d972858841b28f4da0ed766e0c944"
  integrity sha512-5VNyabaCPZJEFmn92C5SIh2vFChL2l9OVGut1hmst8IPuChZahF6yniFjEdF2Ri8ZZFKXTAQrPh3WfpVaEPK9A==

"@ffmpeg/ffmpeg@^0.6.1":
  version "0.6.1"
  resolved "https://registry.yarnpkg.com/@ffmpeg/ffmpeg/-/ffmpeg-0.6.1.tgz#990c2f904e612a8ab04dbbd145e7808b19b67e0c"
  integrity sha512-LB+1ZkDg5eHH7vDjw6YgepX1W99cNBmBPiAWwPltx400BIbnRCwx1p175WwArC7BOJ+GvsWLFdlJvtNTYSYn2A==
  dependencies:
    "@ffmpeg/core" "^0.6.0"
    idb "^4.0.5"
    is-electron "^2.2.0"
    is-url "^1.2.4"
    node-fetch "^2.6.0"
    regenerator-runtime "^0.13.3"
    resolve-url "^0.2.1"

idb@^4.0.5:
  version "4.0.5"
  resolved "https://registry.yarnpkg.com/idb/-/idb-4.0.5.tgz#23b930fbb0abce391e939c35b7b31a669e74041f"
  integrity sha512-P+Fk9HT2h1DhXoE1YNK183SY+CRh2GHNh28de94sGwhe0bUA75JJeVJWt3SenE5p0BXK7maflIq29dl6UZHrFw==

is-electron@^2.2.0:
  version "2.2.0"
  resolved "https://registry.yarnpkg.com/is-electron/-/is-electron-2.2.0.tgz#8943084f09e8b731b3a7a0298a7b5d56f6b7eef0"
  integrity sha512-SpMppC2XR3YdxSzczXReBjqs2zGscWQpBIKqwXYBFic0ERaxNVgwLCHwOLZeESfdJQjX0RDvrJ1lBXX2ij+G1Q==

is-url@^1.2.4:
  version "1.2.4"
  resolved "https://registry.yarnpkg.com/is-url/-/is-url-1.2.4.tgz#04a4df46d28c4cff3d73d01ff06abeb318a1aa52"
  integrity sha512-ITvGim8FhRiYe4IQ5uHSkj7pVaPDrCTkNd3yq3cV7iZAcJdHTUMPMEHcqSOy9xZ9qFenQCvi+2wjH9a1nXqHww==

node-fetch@^2.6.0:
  version "2.6.0"
  resolved "https://registry.yarnpkg.com/node-fetch/-/node-fetch-2.6.0.tgz#e633456386d4aa55863f676a7ab0daa8fdecb0fd"
  integrity sha512-8dG4H5ujfvFiqDmVu9fQ5bOHUC15JMjMY/Zumv26oOvvVJjM67KF8koCWIabKQ1GJIa9r2mMZscBq/TbdOcmNA==

regenerator-runtime@^0.13.3:
  version "0.13.3"
  resolved "https://registry.yarnpkg.com/regenerator-runtime/-/regenerator-runtime-0.13.3.tgz#7cf6a77d8f5c6f60eb73c5fc1955b2ceb01e6bf5"
  integrity sha512-naKIZz2GQ8JWh///G7L3X6LaQUAMp2lvb1rvwwsURe/VXwD6VMfr+/1NuNw3ag8v2kY1aQ/go5SNn79O9JU7yw==

resolve-url@^0.2.1:
  version "0.2.1"
  resolved "https://registry.yarnpkg.com/resolve-url/-/resolve-url-0.2.1.tgz#2c637fe77c893afd2a663fe21aa9080068e2052a"
  integrity sha1-LGN/53yJOv0qZj/iGqkIAGjiBSo=
